{
  "version": 4,
  "terraform_version": "1.12.2",
  "serial": 14,
  "lineage": "061307d4-652d-f8aa-c2f9-b3ebc6f37634",
  "outputs": {},
  "resources": [
    {
      "module": "module.vpc",
      "mode": "managed",
      "type": "aws_internet_gateway",
      "name": "igw",
      "provider": "provider[\"registry.terraform.io/hashicorp/aws\"]",
      "instances": [
        {
          "schema_version": 0,
          "attributes": {
            "arn": "arn:aws:ec2:us-west-1:246773437529:internet-gateway/igw-0fdfc5ea6664a9d10",
            "id": "igw-0fdfc5ea6664a9d10",
            "owner_id": "246773437529",
            "region": "us-west-1",
            "tags": {
              "Name": "APCI-Jupiter-default-igw",
              "application": "Jupiter",
              "contact": "devops@apci.com",
              "creationTime": "2025-08-23T19:59:19Z",
              "environment": "default",
              "project": "APCI"
            },
            "tags_all": {
              "Name": "APCI-Jupiter-default-igw",
              "application": "Jupiter",
              "contact": "devops@apci.com",
              "creationTime": "2025-08-23T19:59:19Z",
              "environment": "default",
              "project": "APCI"
            },
            "timeouts": null,
            "vpc_id": "vpc-0f40b6e52de33a18b"
          },
          "sensitive_attributes": [],
          "identity_schema_version": 0,
          "private": "eyJlMmJmYjczMC1lY2FhLTExZTYtOGY4OC0zNDM2M2JjN2M0YzAiOnsiY3JlYXRlIjoxMjAwMDAwMDAwMDAwLCJkZWxldGUiOjEyMDAwMDAwMDAwMDAsInVwZGF0ZSI6MTIwMDAwMDAwMDAwMH19",
          "dependencies": [
            "module.vpc.aws_vpc.main_vpc"
          ]
        }
      ]
    },
    {
      "module": "module.vpc",
      "mode": "managed",
      "type": "aws_subnet",
      "name": "apci_jupiter_public_subnet_az_1a",
      "provider": "provider[\"registry.terraform.io/hashicorp/aws\"]",
      "instances": [
        {
          "schema_version": 1,
          "attributes": {
            "arn": "arn:aws:ec2:us-west-1:246773437529:subnet/subnet-057f219c59d60da9b",
            "assign_ipv6_address_on_creation": false,
            "availability_zone": "us-west-1a",
            "availability_zone_id": "usw1-az1",
            "cidr_block": "10.0.0.0/24",
            "customer_owned_ipv4_pool": "",
            "enable_dns64": false,
            "enable_lni_at_device_index": 0,
            "enable_resource_name_dns_a_record_on_launch": false,
            "enable_resource_name_dns_aaaa_record_on_launch": false,
            "id": "subnet-057f219c59d60da9b",
            "ipv6_cidr_block": "",
            "ipv6_cidr_block_association_id": "",
            "ipv6_native": false,
            "map_customer_owned_ip_on_launch": false,
            "map_public_ip_on_launch": false,
            "outpost_arn": "",
            "owner_id": "246773437529",
            "private_dns_hostname_type_on_launch": "ip-name",
            "region": "us-west-1",
            "tags": {
              "Name": "APCI-Jupiter-default-public-subnet-az-1a",
              "application": "Jupiter",
              "contact": "devops@apci.com",
              "creationTime": "2025-08-23T19:59:19Z",
              "environment": "default",
              "project": "APCI"
            },
            "tags_all": {
              "Name": "APCI-Jupiter-default-public-subnet-az-1a",
              "application": "Jupiter",
              "contact": "devops@apci.com",
              "creationTime": "2025-08-23T19:59:19Z",
              "environment": "default",
              "project": "APCI"
            },
            "timeouts": null,
            "vpc_id": "vpc-0f40b6e52de33a18b"
          },
          "sensitive_attributes": [],
          "identity_schema_version": 0,
          "identity": {
            "account_id": "246773437529",
            "id": "subnet-057f219c59d60da9b",
            "region": "us-west-1"
          },
          "private": "eyJlMmJmYjczMC1lY2FhLTExZTYtOGY4OC0zNDM2M2JjN2M0YzAiOnsiY3JlYXRlIjo2MDAwMDAwMDAwMDAsImRlbGV0ZSI6MTIwMDAwMDAwMDAwMH0sInNjaGVtYV92ZXJzaW9uIjoiMSJ9",
          "dependencies": [
            "module.vpc.aws_vpc.main_vpc"
          ]
        }
      ]
    },
    {
      "module": "module.vpc",
      "mode": "managed",
      "type": "aws_subnet",
      "name": "apci_jupiter_public_subnet_az_1c",
      "provider": "provider[\"registry.terraform.io/hashicorp/aws\"]",
      "instances": [
        {
          "schema_version": 1,
          "attributes": {
            "arn": "arn:aws:ec2:us-west-1:246773437529:subnet/subnet-0ceea55deda423f5d",
            "assign_ipv6_address_on_creation": false,
            "availability_zone": "us-west-1c",
            "availability_zone_id": "usw1-az3",
            "cidr_block": "10.0.1.0/24",
            "customer_owned_ipv4_pool": "",
            "enable_dns64": false,
            "enable_lni_at_device_index": 0,
            "enable_resource_name_dns_a_record_on_launch": false,
            "enable_resource_name_dns_aaaa_record_on_launch": false,
            "id": "subnet-0ceea55deda423f5d",
            "ipv6_cidr_block": "",
            "ipv6_cidr_block_association_id": "",
            "ipv6_native": false,
            "map_customer_owned_ip_on_launch": false,
            "map_public_ip_on_launch": false,
            "outpost_arn": "",
            "owner_id": "246773437529",
            "private_dns_hostname_type_on_launch": "ip-name",
            "region": "us-west-1",
            "tags": {
              "Name": "APCI-Jupiter-default-public-subnet-az-1c",
              "application": "Jupiter",
              "contact": "devops@apci.com",
              "creationTime": "2025-08-23T19:59:19Z",
              "environment": "default",
              "project": "APCI"
            },
            "tags_all": {
              "Name": "APCI-Jupiter-default-public-subnet-az-1c",
              "application": "Jupiter",
              "contact": "devops@apci.com",
              "creationTime": "2025-08-23T19:59:19Z",
              "environment": "default",
              "project": "APCI"
            },
            "timeouts": null,
            "vpc_id": "vpc-0f40b6e52de33a18b"
          },
          "sensitive_attributes": [],
          "identity_schema_version": 0,
          "identity": {
            "account_id": "246773437529",
            "id": "subnet-0ceea55deda423f5d",
            "region": "us-west-1"
          },
          "private": "eyJlMmJmYjczMC1lY2FhLTExZTYtOGY4OC0zNDM2M2JjN2M0YzAiOnsiY3JlYXRlIjo2MDAwMDAwMDAwMDAsImRlbGV0ZSI6MTIwMDAwMDAwMDAwMH0sInNjaGVtYV92ZXJzaW9uIjoiMSJ9",
          "dependencies": [
            "module.vpc.aws_vpc.main_vpc"
          ]
        }
      ]
    },
    {
      "module": "module.vpc",
      "mode": "managed",
      "type": "aws_vpc",
      "name": "main_vpc",
      "provider": "provider[\"registry.terraform.io/hashicorp/aws\"]",
      "instances": [
        {
          "schema_version": 1,
          "attributes": {
            "arn": "arn:aws:ec2:us-west-1:246773437529:vpc/vpc-0f40b6e52de33a18b",
            "assign_generated_ipv6_cidr_block": false,
            "cidr_block": "10.0.0.0/16",
            "default_network_acl_id": "acl-01d3dea42671c01d5",
            "default_route_table_id": "rtb-0acfe18abf0b57898",
            "default_security_group_id": "sg-04f65ab2c307786cf",
            "dhcp_options_id": "dopt-0fab56169bbaf0e0d",
            "enable_dns_hostnames": false,
            "enable_dns_support": true,
            "enable_network_address_usage_metrics": false,
            "id": "vpc-0f40b6e52de33a18b",
            "instance_tenancy": "default",
            "ipv4_ipam_pool_id": null,
            "ipv4_netmask_length": null,
            "ipv6_association_id": "",
            "ipv6_cidr_block": "",
            "ipv6_cidr_block_network_border_group": "",
            "ipv6_ipam_pool_id": "",
            "ipv6_netmask_length": 0,
            "main_route_table_id": "rtb-0acfe18abf0b57898",
            "owner_id": "246773437529",
            "region": "us-west-1",
            "tags": {
              "Name": "APCI-Jupiter-default-main-vpc",
              "application": "Jupiter",
              "contact": "devops@apci.com",
              "creationTime": "2025-08-23T19:59:19Z",
              "environment": "default",
              "project": "APCI"
            },
            "tags_all": {
              "Name": "APCI-Jupiter-default-main-vpc",
              "application": "Jupiter",
              "contact": "devops@apci.com",
              "creationTime": "2025-08-23T19:59:19Z",
              "environment": "default",
              "project": "APCI"
            }
          },
          "sensitive_attributes": [],
          "identity_schema_version": 0,
          "private": "eyJzY2hlbWFfdmVyc2lvbiI6IjEifQ=="
        }
      ]
    }
  ],
  "check_results": null
}
